
Microsoft Visual Studio Solution File, Format Version 12.00
# Visual Studio Version 17
VisualStudioVersion = 17.13.35931.197 d17.13
MinimumVisualStudioVersion = 10.0.40219.1
Project("{FAE04EC0-301F-11D3-BF4B-00C04F79EFBC}") = "09_Heranca", "09_Heranca.csproj", "{98B113EB-DA89-4CE8-981F-308D6CB8C156}"
EndProject
Global
	GlobalSection(SolutionConfigurationPlatforms) = preSolution
		Debug|Any CPU = Debug|Any CPU
		Release|Any CPU = Release|Any CPU
	EndGlobalSection
	GlobalSection(ProjectConfigurationPlatforms) = postSolution
		{98B113EB-DA89-4CE8-981F-308D6CB8C156}.Debug|Any CPU.ActiveCfg = Debug|Any CPU
		{98B113EB-DA89-4CE8-981F-308D6CB8C156}.Debug|Any CPU.Build.0 = Debug|Any CPU
		{98B113EB-DA89-4CE8-981F-308D6CB8C156}.Release|Any CPU.ActiveCfg = Release|Any CPU
		{98B113EB-DA89-4CE8-981F-308D6CB8C156}.Release|Any CPU.Build.0 = Release|Any CPU
	EndGlobalSection
	GlobalSection(SolutionProperties) = preSolution
		HideSolutionNode = FALSE
	EndGlobalSection
	GlobalSection(ExtensibilityGlobals) = postSolution
		SolutionGuid = {A9D17B87-FD46-42E8-9404-44DB86D9D19F}
	EndGlobalSection
EndGlobal
