
Microsoft Visual Studio Solution File, Format Version 12.00
# Visual Studio Version 17
VisualStudioVersion = 17.13.35931.197 d17.13
MinimumVisualStudioVersion = 10.0.40219.1
Project("{FAE04EC0-301F-11D3-BF4B-00C04F79EFBC}") = "03_Propiedades", "03_Propiedades.csproj", "{8FBE4A2A-587E-440E-9950-58649756F1F3}"
EndProject
Global
	GlobalSection(SolutionConfigurationPlatforms) = preSolution
		Debug|Any CPU = Debug|Any CPU
		Release|Any CPU = Release|Any CPU
	EndGlobalSection
	GlobalSection(ProjectConfigurationPlatforms) = postSolution
		{8FBE4A2A-587E-440E-9950-58649756F1F3}.Debug|Any CPU.ActiveCfg = Debug|Any CPU
		{8FBE4A2A-587E-440E-9950-58649756F1F3}.Debug|Any CPU.Build.0 = Debug|Any CPU
		{8FBE4A2A-587E-440E-9950-58649756F1F3}.Release|Any CPU.ActiveCfg = Release|Any CPU
		{8FBE4A2A-587E-440E-9950-58649756F1F3}.Release|Any CPU.Build.0 = Release|Any CPU
	EndGlobalSection
	GlobalSection(SolutionProperties) = preSolution
		HideSolutionNode = FALSE
	EndGlobalSection
	GlobalSection(ExtensibilityGlobals) = postSolution
		SolutionGuid = {30BBB7D6-FDFD-4870-A410-527D1937A078}
	EndGlobalSection
EndGlobal
